{
    "_meta": {
        "hash": {
            "sha256": "6371827af15691d337ecde89ed6eaf42de34870b373551d7f7e7adbc7341fd81"
        },
        "pipfile-spec": 6,
        "requires": {
            "python_version": "3.9"
        },
        "sources": [
            {
                "name": "pypi",
                "url": "https://pypi.org/simple",
                "verify_ssl": true
            }
        ]
    },
    "default": {
        "attrs": {
            "hashes": [
                "sha256:1f28b4522cdc2fb4256ac1a020c78acf9cba2c6b461ccd2c126f3aa8e8335d04",
                "sha256:6279836d581513a26f1bf235f9acd333bc9115683f14f7e8fae46c98fc50e015"
            ],
            "markers": "python_version >= '3.7'",
            "version": "==23.1.0"
        },
        "beautifulsoup4": {
            "hashes": [
                "sha256:74e3d1928edc070d21748185c46e3fb33490f22f52a3addee9aee0f4f7781051",
                "sha256:b80878c9f40111313e55da8ba20bdba06d8fa3969fc68304167741bbf9e082ed"
            ],
            "markers": "python_full_version >= '3.6.0'",
            "version": "==4.12.3"
        },
        "certifi": {
            "hashes": [
                "sha256:9b469f3a900bf28dc19b8cfbf8019bf47f7fdd1a65a1d4ffb98fc14166beb4d1",
                "sha256:e036ab49d5b79556f99cfc2d9320b34cfbe5be05c5871b51de9329f0603b0474"
            ],
            "index": "pypi",
            "markers": "python_version >= '3.6'",
            "version": "==2023.11.17"
        },
        "charset-normalizer": {
            "hashes": [
                "sha256:06435b539f889b1f6f4ac1758871aae42dc3a8c0e24ac9e60c2384973ad73027",
                "sha256:06a81e93cd441c56a9b65d8e1d043daeb97a3d0856d177d5c90ba85acb3db087",
                "sha256:0a55554a2fa0d408816b3b5cedf0045f4b8e1a6065aec45849de2d6f3f8e9786",
                "sha256:0b2b64d2bb6d3fb9112bafa732def486049e63de9618b5843bcdd081d8144cd8",
                "sha256:10955842570876604d404661fbccbc9c7e684caf432c09c715ec38fbae45ae09",
                "sha256:122c7fa62b130ed55f8f285bfd56d5f4b4a5b503609d181f9ad85e55c89f4185",
                "sha256:1ceae2f17a9c33cb48e3263960dc5fc8005351ee19db217e9b1bb15d28c02574",
                "sha256:1d3193f4a680c64b4b6a9115943538edb896edc190f0b222e73761716519268e",
                "sha256:1f79682fbe303db92bc2b1136016a38a42e835d932bab5b3b1bfcfbf0640e519",
                "sha256:2127566c664442652f024c837091890cb1942c30937add288223dc895793f898",
                "sha256:22afcb9f253dac0696b5a4be4a1c0f8762f8239e21b99680099abd9b2b1b2269",
                "sha256:25baf083bf6f6b341f4121c2f3c548875ee6f5339300e08be3f2b2ba1721cdd3",
                "sha256:2e81c7b9c8979ce92ed306c249d46894776a909505d8f5a4ba55b14206e3222f",
                "sha256:3287761bc4ee9e33561a7e058c72ac0938c4f57fe49a09eae428fd88aafe7bb6",
                "sha256:34d1c8da1e78d2e001f363791c98a272bb734000fcef47a491c1e3b0505657a8",
                "sha256:37e55c8e51c236f95b033f6fb391d7d7970ba5fe7ff453dad675e88cf303377a",
                "sha256:3d47fa203a7bd9c5b6cee4736ee84ca03b8ef23193c0d1ca99b5089f72645c73",
                "sha256:3e4d1f6587322d2788836a99c69062fbb091331ec940e02d12d179c1d53e25fc",
                "sha256:42cb296636fcc8b0644486d15c12376cb9fa75443e00fb25de0b8602e64c1714",
                "sha256:45485e01ff4d3630ec0d9617310448a8702f70e9c01906b0d0118bdf9d124cf2",
                "sha256:4a78b2b446bd7c934f5dcedc588903fb2f5eec172f3d29e52a9096a43722adfc",
                "sha256:4ab2fe47fae9e0f9dee8c04187ce5d09f48eabe611be8259444906793ab7cbce",
                "sha256:4d0d1650369165a14e14e1e47b372cfcb31d6ab44e6e33cb2d4e57265290044d",
                "sha256:549a3a73da901d5bc3ce8d24e0600d1fa85524c10287f6004fbab87672bf3e1e",
                "sha256:55086ee1064215781fff39a1af09518bc9255b50d6333f2e4c74ca09fac6a8f6",
                "sha256:572c3763a264ba47b3cf708a44ce965d98555f618ca42c926a9c1616d8f34269",
                "sha256:573f6eac48f4769d667c4442081b1794f52919e7edada77495aaed9236d13a96",
                "sha256:5b4c145409bef602a690e7cfad0a15a55c13320ff7a3ad7ca59c13bb8ba4d45d",
                "sha256:6463effa3186ea09411d50efc7d85360b38d5f09b870c48e4600f63af490e56a",
                "sha256:65f6f63034100ead094b8744b3b97965785388f308a64cf8d7c34f2f2e5be0c4",
                "sha256:663946639d296df6a2bb2aa51b60a2454ca1cb29835324c640dafb5ff2131a77",
                "sha256:6897af51655e3691ff853668779c7bad41579facacf5fd7253b0133308cf000d",
                "sha256:68d1f8a9e9e37c1223b656399be5d6b448dea850bed7d0f87a8311f1ff3dabb0",
                "sha256:6ac7ffc7ad6d040517be39eb591cac5ff87416c2537df6ba3cba3bae290c0fed",
                "sha256:6b3251890fff30ee142c44144871185dbe13b11bab478a88887a639655be1068",
                "sha256:6c4caeef8fa63d06bd437cd4bdcf3ffefe6738fb1b25951440d80dc7df8c03ac",
                "sha256:6ef1d82a3af9d3eecdba2321dc1b3c238245d890843e040e41e470ffa64c3e25",
                "sha256:753f10e867343b4511128c6ed8c82f7bec3bd026875576dfd88483c5c73b2fd8",
                "sha256:7cd13a2e3ddeed6913a65e66e94b51d80a041145a026c27e6bb76c31a853c6ab",
                "sha256:7ed9e526742851e8d5cc9e6cf41427dfc6068d4f5a3bb03659444b4cabf6bc26",
                "sha256:7f04c839ed0b6b98b1a7501a002144b76c18fb1c1850c8b98d458ac269e26ed2",
                "sha256:802fe99cca7457642125a8a88a084cef28ff0cf9407060f7b93dca5aa25480db",
                "sha256:80402cd6ee291dcb72644d6eac93785fe2c8b9cb30893c1af5b8fdd753b9d40f",
                "sha256:8465322196c8b4d7ab6d1e049e4c5cb460d0394da4a27d23cc242fbf0034b6b5",
                "sha256:86216b5cee4b06df986d214f664305142d9c76df9b6512be2738aa72a2048f99",
                "sha256:87d1351268731db79e0f8e745d92493ee2841c974128ef629dc518b937d9194c",
                "sha256:8bdb58ff7ba23002a4c5808d608e4e6c687175724f54a5dade5fa8c67b604e4d",
                "sha256:8c622a5fe39a48f78944a87d4fb8a53ee07344641b0562c540d840748571b811",
                "sha256:8d756e44e94489e49571086ef83b2bb8ce311e730092d2c34ca8f7d925cb20aa",
                "sha256:8f4a014bc36d3c57402e2977dada34f9c12300af536839dc38c0beab8878f38a",
                "sha256:9063e24fdb1e498ab71cb7419e24622516c4a04476b17a2dab57e8baa30d6e03",
                "sha256:90d558489962fd4918143277a773316e56c72da56ec7aa3dc3dbbe20fdfed15b",
                "sha256:923c0c831b7cfcb071580d3f46c4baf50f174be571576556269530f4bbd79d04",
                "sha256:95f2a5796329323b8f0512e09dbb7a1860c46a39da62ecb2324f116fa8fdc85c",
                "sha256:96b02a3dc4381e5494fad39be677abcb5e6634bf7b4fa83a6dd3112607547001",
                "sha256:9f96df6923e21816da7e0ad3fd47dd8f94b2a5ce594e00677c0013018b813458",
                "sha256:a10af20b82360ab00827f916a6058451b723b4e65030c5a18577c8b2de5b3389",
                "sha256:a50aebfa173e157099939b17f18600f72f84eed3049e743b68ad15bd69b6bf99",
                "sha256:a981a536974bbc7a512cf44ed14938cf01030a99e9b3a06dd59578882f06f985",
                "sha256:a9a8e9031d613fd2009c182b69c7b2c1ef8239a0efb1df3f7c8da66d5dd3d537",
                "sha256:ae5f4161f18c61806f411a13b0310bea87f987c7d2ecdbdaad0e94eb2e404238",
                "sha256:aed38f6e4fb3f5d6bf81bfa990a07806be9d83cf7bacef998ab1a9bd660a581f",
                "sha256:b01b88d45a6fcb69667cd6d2f7a9aeb4bf53760d7fc536bf679ec94fe9f3ff3d",
                "sha256:b261ccdec7821281dade748d088bb6e9b69e6d15b30652b74cbbac25e280b796",
                "sha256:b2b0a0c0517616b6869869f8c581d4eb2dd83a4d79e0ebcb7d373ef9956aeb0a",
                "sha256:b4a23f61ce87adf89be746c8a8974fe1c823c891d8f86eb218bb957c924bb143",
                "sha256:bd8f7df7d12c2db9fab40bdd87a7c09b1530128315d047a086fa3ae3435cb3a8",
                "sha256:beb58fe5cdb101e3a055192ac291b7a21e3b7ef4f67fa1d74e331a7f2124341c",
                "sha256:c002b4ffc0be611f0d9da932eb0f704fe2602a9a949d1f738e4c34c75b0863d5",
                "sha256:c083af607d2515612056a31f0a8d9e0fcb5876b7bfc0abad3ecd275bc4ebc2d5",
                "sha256:c180f51afb394e165eafe4ac2936a14bee3eb10debc9d9e4db8958fe36afe711",
                "sha256:c235ebd9baae02f1b77bcea61bce332cb4331dc3617d254df3323aa01ab47bd4",
                "sha256:cd70574b12bb8a4d2aaa0094515df2463cb429d8536cfb6c7ce983246983e5a6",
                "sha256:d0eccceffcb53201b5bfebb52600a5fb483a20b61da9dbc885f8b103cbe7598c",
                "sha256:d965bba47ddeec8cd560687584e88cf699fd28f192ceb452d1d7ee807c5597b7",
                "sha256:db364eca23f876da6f9e16c9da0df51aa4f104a972735574842618b8c6d999d4",
                "sha256:ddbb2551d7e0102e7252db79ba445cdab71b26640817ab1e3e3648dad515003b",
                "sha256:deb6be0ac38ece9ba87dea880e438f25ca3eddfac8b002a2ec3d9183a454e8ae",
                "sha256:e06ed3eb3218bc64786f7db41917d4e686cc4856944f53d5bdf83a6884432e12",
                "sha256:e27ad930a842b4c5eb8ac0016b0a54f5aebbe679340c26101df33424142c143c",
                "sha256:e537484df0d8f426ce2afb2d0f8e1c3d0b114b83f8850e5f2fbea0e797bd82ae",
                "sha256:eb00ed941194665c332bf8e078baf037d6c35d7c4f3102ea2d4f16ca94a26dc8",
                "sha256:eb6904c354526e758fda7167b33005998fb68c46fbc10e013ca97f21ca5c8887",
                "sha256:eb8821e09e916165e160797a6c17edda0679379a4be5c716c260e836e122f54b",
                "sha256:efcb3f6676480691518c177e3b465bcddf57cea040302f9f4e6e191af91174d4",
                "sha256:f27273b60488abe721a075bcca6d7f3964f9f6f067c8c4c605743023d7d3944f",
                "sha256:f30c3cb33b24454a82faecaf01b19c18562b1e89558fb6c56de4d9118a032fd5",
                "sha256:fb69256e180cb6c8a894fee62b3afebae785babc1ee98b81cdf68bbca1987f33",
                "sha256:fd1abc0d89e30cc4e02e4064dc67fcc51bd941eb395c502aac3ec19fab46b519",
                "sha256:ff8fa367d09b717b2a17a052544193ad76cd49979c805768879cb63d9ca50561"
            ],
            "markers": "python_full_version >= '3.7.0'",
            "version": "==3.3.2"
        },
        "crowdstrike-falconpy": {
            "hashes": [
                "sha256:2924f0cc9663245382f6fcaa709bff59fd087f6457de7f40c7116303fbb8625f",
                "sha256:f2e1a81761d202df114573222f3d7dd3b22810f7078fa6e928b18a8b83ea0cfd"
            ],
            "index": "pypi",
            "markers": "python_version >= '3.7'",
            "version": "==1.4.0"
        },
        "deprecated": {
            "hashes": [
                "sha256:6fac8b097794a90302bdbb17b9b815e732d3c4720583ff1b198499d78470466c",
                "sha256:e5323eb936458dccc2582dc6f9c322c852a775a27065ff2b0c4970b9d53d01b3"
            ],
            "markers": "python_version >= '2.7' and python_version not in '3.0, 3.1, 3.2, 3.3'",
            "version": "==1.2.14"
        },
        "idna": {
            "hashes": [
                "sha256:9ecdbbd083b06798ae1e86adcbfe8ab1479cf864e4ee30fe4e46a003d12491ca",
                "sha256:c05567e9c24a6b9faaa835c4821bad0590fbb9d5779e7caa6e1cc4978e7eb24f"
            ],
            "markers": "python_version >= '3.5'",
            "version": "==3.6"
        },
        "jsonschema": {
            "hashes": [
                "sha256:4f614fd46d8d61258610998997743ec5492a648b33cf478c1ddc23ed4598a5fa",
                "sha256:ed6231f0429ecf966f5bc8dfef245998220549cbbcf140f913b7464c52c3b6b3"
            ],
            "markers": "python_version >= '3.8'",
            "version": "==4.20.0"
        },
        "jsonschema-specifications": {
            "hashes": [
                "sha256:9472fc4fea474cd74bea4a2b190daeccb5a9e4db2ea80efcf7a1b582fc9a81b8",
                "sha256:e74ba7c0a65e8cb49dc26837d6cfe576557084a8b423ed16a420984228104f93"
            ],
            "markers": "python_version >= '3.8'",
            "version": "==2023.11.2"
        },
        "markdownify": {
            "hashes": [
                "sha256:1fb08c618b30e0ee7a31a39b998f44a18fb28ab254f55f4af06b6d35a2179e27",
                "sha256:a3805abd8166dbb7b27783c5599d91f54f10d79894b2621404d85b333c7ce561"
            ],
            "index": "pypi",
            "version": "==0.12.1"
        },
        "publicsuffixlist": {
            "hashes": [
                "sha256:2d15301cbef4b5ecc9bfa47b38959af73350915748d44b2f91db2a8fc3b98d24",
                "sha256:72ac774728036610501353789125a7adc57a793646cf6c6f1f7cc7458c913a8a"
            ],
            "markers": "python_version >= '2.6'",
            "version": "==0.10.0.20240108"
        },
        "pymisp": {
            "hashes": [
                "sha256:00abe5592f07bb1cd41ca803f9b0b8b2b70474004a779be53cd215280fd625b3",
                "sha256:104ead987cb069b87a9d335cf6ec8edccda386b281de57460a2450a143ffc822"
            ],
            "index": "pypi",
            "markers": "python_version >= '3.8' and python_version < '4.0'",
            "version": "==2.4.183"
        },
        "python-dateutil": {
            "hashes": [
                "sha256:0123cacc1627ae19ddf3c27a5de5bd67ee4586fbdd6440d9748f8abb483d3e86",
                "sha256:961d03dc3453ebbc59dbdea9e4e11c5651520a876d0f4db161e8674aae935da9"
            ],
            "markers": "python_version >= '2.7' and python_version not in '3.0, 3.1, 3.2, 3.3'",
            "version": "==2.8.2"
        },
        "referencing": {
            "hashes": [
                "sha256:689e64fe121843dcfd57b71933318ef1f91188ffb45367332700a86ac8fd6161",
                "sha256:bdcd3efb936f82ff86f993093f6da7435c7de69a3b3a5a06678a6050184bee99"
            ],
            "markers": "python_version >= '3.8'",
            "version": "==0.32.0"
        },
        "requests": {
            "hashes": [
                "sha256:58cd2187c01e70e6e26505bca751777aa9f2ee0b7f4300988b709f44e013003f",
                "sha256:942c5a758f98d790eaed1a29cb6eefc7ffb0d1cf7af05c3d2791656dbd6ad1e1"
            ],
            "index": "pypi",
            "markers": "python_version >= '3.7'",
            "version": "==2.31.0"
        },
        "rpds-py": {
            "hashes": [
                "sha256:06d218e4464d31301e943b65b2c6919318ea6f69703a351961e1baaf60347276",
                "sha256:12ecf89bd54734c3c2c79898ae2021dca42750c7bcfb67f8fb3315453738ac8f",
                "sha256:15253fff410873ebf3cfba1cc686a37711efcd9b8cb30ea21bb14a973e393f60",
                "sha256:188435794405c7f0573311747c85a96b63c954a5f2111b1df8018979eca0f2f0",
                "sha256:1ceebd0ae4f3e9b2b6b553b51971921853ae4eebf3f54086be0565d59291e53d",
                "sha256:244e173bb6d8f3b2f0c4d7370a1aa341f35da3e57ffd1798e5b2917b91731fd3",
                "sha256:25b28b3d33ec0a78e944aaaed7e5e2a94ac811bcd68b557ca48a0c30f87497d2",
                "sha256:25ea41635d22b2eb6326f58e608550e55d01df51b8a580ea7e75396bafbb28e9",
                "sha256:29d311e44dd16d2434d5506d57ef4d7036544fc3c25c14b6992ef41f541b10fb",
                "sha256:2a1472956c5bcc49fb0252b965239bffe801acc9394f8b7c1014ae9258e4572b",
                "sha256:2a7bef6977043673750a88da064fd513f89505111014b4e00fbdd13329cd4e9a",
                "sha256:2ac26f50736324beb0282c819668328d53fc38543fa61eeea2c32ea8ea6eab8d",
                "sha256:2e72f750048b32d39e87fc85c225c50b2a6715034848dbb196bf3348aa761fa1",
                "sha256:31e220a040b89a01505128c2f8a59ee74732f666439a03e65ccbf3824cdddae7",
                "sha256:35f53c76a712e323c779ca39b9a81b13f219a8e3bc15f106ed1e1462d56fcfe9",
                "sha256:38d4f822ee2f338febcc85aaa2547eb5ba31ba6ff68d10b8ec988929d23bb6b4",
                "sha256:38f9bf2ad754b4a45b8210a6c732fe876b8a14e14d5992a8c4b7c1ef78740f53",
                "sha256:3a44c8440183b43167fd1a0819e8356692bf5db1ad14ce140dbd40a1485f2dea",
                "sha256:3ab96754d23372009638a402a1ed12a27711598dd49d8316a22597141962fe66",
                "sha256:3c55d7f2d817183d43220738270efd3ce4e7a7b7cbdaefa6d551ed3d6ed89190",
                "sha256:46e1ed994a0920f350a4547a38471217eb86f57377e9314fbaaa329b71b7dfe3",
                "sha256:4a5375c5fff13f209527cd886dc75394f040c7d1ecad0a2cb0627f13ebe78a12",
                "sha256:4c2d26aa03d877c9730bf005621c92da263523a1e99247590abbbe252ccb7824",
                "sha256:4c4e314d36d4f31236a545696a480aa04ea170a0b021e9a59ab1ed94d4c3ef27",
                "sha256:4d0c10d803549427f427085ed7aebc39832f6e818a011dcd8785e9c6a1ba9b3e",
                "sha256:4dcc5ee1d0275cb78d443fdebd0241e58772a354a6d518b1d7af1580bbd2c4e8",
                "sha256:51967a67ea0d7b9b5cd86036878e2d82c0b6183616961c26d825b8c994d4f2c8",
                "sha256:530190eb0cd778363bbb7596612ded0bb9fef662daa98e9d92a0419ab27ae914",
                "sha256:5379e49d7e80dca9811b36894493d1c1ecb4c57de05c36f5d0dd09982af20211",
                "sha256:5493569f861fb7b05af6d048d00d773c6162415ae521b7010197c98810a14cab",
                "sha256:5a4c1058cdae6237d97af272b326e5f78ee7ee3bbffa6b24b09db4d828810468",
                "sha256:5d75d6d220d55cdced2f32cc22f599475dbe881229aeddba6c79c2e9df35a2b3",
                "sha256:5d97e9ae94fb96df1ee3cb09ca376c34e8a122f36927230f4c8a97f469994bff",
                "sha256:5feae2f9aa7270e2c071f488fab256d768e88e01b958f123a690f1cc3061a09c",
                "sha256:603d5868f7419081d616dab7ac3cfa285296735e7350f7b1e4f548f6f953ee7d",
                "sha256:61d42d2b08430854485135504f672c14d4fc644dd243a9c17e7c4e0faf5ed07e",
                "sha256:61dbc1e01dc0c5875da2f7ae36d6e918dc1b8d2ce04e871793976594aad8a57a",
                "sha256:65cfed9c807c27dee76407e8bb29e6f4e391e436774bcc769a037ff25ad8646e",
                "sha256:67a429520e97621a763cf9b3ba27574779c4e96e49a27ff8a1aa99ee70beb28a",
                "sha256:6aadae3042f8e6db3376d9e91f194c606c9a45273c170621d46128f35aef7cd0",
                "sha256:6ba8858933f0c1a979781272a5f65646fca8c18c93c99c6ddb5513ad96fa54b1",
                "sha256:6bc568b05e02cd612be53900c88aaa55012e744930ba2eeb56279db4c6676eb3",
                "sha256:729408136ef8d45a28ee9a7411917c9e3459cf266c7e23c2f7d4bb8ef9e0da42",
                "sha256:751758d9dd04d548ec679224cc00e3591f5ebf1ff159ed0d4aba6a0746352452",
                "sha256:76d59d4d451ba77f08cb4cd9268dec07be5bc65f73666302dbb5061989b17198",
                "sha256:79bf58c08f0756adba691d480b5a20e4ad23f33e1ae121584cf3a21717c36dfa",
                "sha256:7de12b69d95072394998c622cfd7e8cea8f560db5fca6a62a148f902a1029f8b",
                "sha256:7f55cd9cf1564b7b03f238e4c017ca4794c05b01a783e9291065cb2858d86ce4",
                "sha256:80e5acb81cb49fd9f2d5c08f8b74ffff14ee73b10ca88297ab4619e946bcb1e1",
                "sha256:87a90f5545fd61f6964e65eebde4dc3fa8660bb7d87adb01d4cf17e0a2b484ad",
                "sha256:881df98f0a8404d32b6de0fd33e91c1b90ed1516a80d4d6dc69d414b8850474c",
                "sha256:8a776a29b77fe0cc28fedfd87277b0d0f7aa930174b7e504d764e0b43a05f381",
                "sha256:8c2a61c0e4811012b0ba9f6cdcb4437865df5d29eab5d6018ba13cee1c3064a0",
                "sha256:8fa6bd071ec6d90f6e7baa66ae25820d57a8ab1b0a3c6d3edf1834d4b26fafa2",
                "sha256:96f2975fb14f39c5fe75203f33dd3010fe37d1c4e33177feef1107b5ced750e3",
                "sha256:96fb0899bb2ab353f42e5374c8f0789f54e0a94ef2f02b9ac7149c56622eaf31",
                "sha256:97163a1ab265a1073a6372eca9f4eeb9f8c6327457a0b22ddfc4a17dcd613e74",
                "sha256:9c95a1a290f9acf7a8f2ebbdd183e99215d491beea52d61aa2a7a7d2c618ddc6",
                "sha256:9d94d78418203904730585efa71002286ac4c8ac0689d0eb61e3c465f9e608ff",
                "sha256:a6ba2cb7d676e9415b9e9ac7e2aae401dc1b1e666943d1f7bc66223d3d73467b",
                "sha256:aa0379c1935c44053c98826bc99ac95f3a5355675a297ac9ce0dfad0ce2d50ca",
                "sha256:ac96d67b37f28e4b6ecf507c3405f52a40658c0a806dffde624a8fcb0314d5fd",
                "sha256:ade2ccb937060c299ab0dfb2dea3d2ddf7e098ed63ee3d651ebfc2c8d1e8632a",
                "sha256:aefbdc934115d2f9278f153952003ac52cd2650e7313750390b334518c589568",
                "sha256:b07501b720cf060c5856f7b5626e75b8e353b5f98b9b354a21eb4bfa47e421b1",
                "sha256:b5267feb19070bef34b8dea27e2b504ebd9d31748e3ecacb3a4101da6fcb255c",
                "sha256:b5f6328e8e2ae8238fc767703ab7b95785521c42bb2b8790984e3477d7fa71ad",
                "sha256:b8996ffb60c69f677245f5abdbcc623e9442bcc91ed81b6cd6187129ad1fa3e7",
                "sha256:b981a370f8f41c4024c170b42fbe9e691ae2dbc19d1d99151a69e2c84a0d194d",
                "sha256:b9d121be0217787a7d59a5c6195b0842d3f701007333426e5154bf72346aa658",
                "sha256:bcef4f2d3dc603150421de85c916da19471f24d838c3c62a4f04c1eb511642c1",
                "sha256:bed0252c85e21cf73d2d033643c945b460d6a02fc4a7d644e3b2d6f5f2956c64",
                "sha256:bfdfbe6a36bc3059fff845d64c42f2644cf875c65f5005db54f90cdfdf1df815",
                "sha256:c0095b8aa3e432e32d372e9a7737e65b58d5ed23b9620fea7cb81f17672f1fa1",
                "sha256:c1f41d32a2ddc5a94df4b829b395916a4b7f103350fa76ba6de625fcb9e773ac",
                "sha256:c45008ca79bad237cbc03c72bc5205e8c6f66403773929b1b50f7d84ef9e4d07",
                "sha256:c82bbf7e03748417c3a88c1b0b291288ce3e4887a795a3addaa7a1cfd9e7153e",
                "sha256:c918621ee0a3d1fe61c313f2489464f2ae3d13633e60f520a8002a5e910982ee",
                "sha256:d204957169f0b3511fb95395a9da7d4490fb361763a9f8b32b345a7fe119cb45",
                "sha256:d329896c40d9e1e5c7715c98529e4a188a1f2df51212fd65102b32465612b5dc",
                "sha256:d3a61e928feddc458a55110f42f626a2a20bea942ccedb6fb4cee70b4830ed41",
                "sha256:d48db29bd47814671afdd76c7652aefacc25cf96aad6daefa82d738ee87461e2",
                "sha256:d5593855b5b2b73dd8413c3fdfa5d95b99d657658f947ba2c4318591e745d083",
                "sha256:d79c159adea0f1f4617f54aa156568ac69968f9ef4d1e5fefffc0a180830308e",
                "sha256:db09b98c7540df69d4b47218da3fbd7cb466db0fb932e971c321f1c76f155266",
                "sha256:ddf23960cb42b69bce13045d5bc66f18c7d53774c66c13f24cf1b9c144ba3141",
                "sha256:e06cfea0ece444571d24c18ed465bc93afb8c8d8d74422eb7026662f3d3f779b",
                "sha256:e7c564c58cf8f248fe859a4f0fe501b050663f3d7fbc342172f259124fb59933",
                "sha256:e86593bf8637659e6a6ed58854b6c87ec4e9e45ee8a4adfd936831cef55c2d21",
                "sha256:eaffbd8814bb1b5dc3ea156a4c5928081ba50419f9175f4fc95269e040eff8f0",
                "sha256:ee353bb51f648924926ed05e0122b6a0b1ae709396a80eb583449d5d477fcdf7",
                "sha256:ee6faebb265e28920a6f23a7d4c362414b3f4bb30607141d718b991669e49ddc",
                "sha256:efe093acc43e869348f6f2224df7f452eab63a2c60a6c6cd6b50fd35c4e075ba",
                "sha256:f03a1b3a4c03e3e0161642ac5367f08479ab29972ea0ffcd4fa18f729cd2be0a",
                "sha256:f0d320e70b6b2300ff6029e234e79fe44e9dbbfc7b98597ba28e054bd6606a57",
                "sha256:f252dfb4852a527987a9156cbcae3022a30f86c9d26f4f17b8c967d7580d65d2",
                "sha256:f5f4424cb87a20b016bfdc157ff48757b89d2cc426256961643d443c6c277007",
                "sha256:f8eae66a1304de7368932b42d801c67969fd090ddb1a7a24f27b435ed4bed68f",
                "sha256:fdb82eb60d31b0c033a8e8ee9f3fc7dfbaa042211131c29da29aea8531b4f18f"
            ],
            "markers": "python_version >= '3.8'",
            "version": "==0.13.2"
        },
        "six": {
            "hashes": [
                "sha256:1e61c37477a1626458e36f7b1d82aa5c9b094fa4802892072e49de9c60c4c926",
                "sha256:8abb2f1d86890a2dfb989f9a77cfcfd3e47c2a354b01111771326f8aa26e0254"
            ],
            "markers": "python_version >= '2.7' and python_version not in '3.0, 3.1, 3.2, 3.3'",
            "version": "==1.16.0"
        },
        "soupsieve": {
            "hashes": [
                "sha256:5663d5a7b3bfaeee0bc4372e7fc48f9cff4940b3eec54a6451cc5299f1097690",
                "sha256:eaa337ff55a1579b6549dc679565eac1e3d000563bcb1c8ab0d0fefbc0c2cdc7"
            ],
            "markers": "python_version >= '3.8'",
            "version": "==2.5"
        },
        "urllib3": {
            "hashes": [
                "sha256:55901e917a5896a349ff771be919f8bd99aff50b79fe58fec595eb37bbc56bb3",
                "sha256:df7aa8afb0148fa78488e7899b2c59b5f4ffcfa82e6c54ccb9dd37c1d7b52d54"
            ],
            "index": "pypi",
            "markers": "python_version >= '3.8'",
            "version": "==2.1.0"
        },
        "wrapt": {
            "hashes": [
                "sha256:0d2691979e93d06a95a26257adb7bfd0c93818e89b1406f5a28f36e0d8c1e1fc",
                "sha256:14d7dc606219cdd7405133c713f2c218d4252f2a469003f8c46bb92d5d095d81",
                "sha256:1a5db485fe2de4403f13fafdc231b0dbae5eca4359232d2efc79025527375b09",
                "sha256:1acd723ee2a8826f3d53910255643e33673e1d11db84ce5880675954183ec47e",
                "sha256:1ca9b6085e4f866bd584fb135a041bfc32cab916e69f714a7d1d397f8c4891ca",
                "sha256:1dd50a2696ff89f57bd8847647a1c363b687d3d796dc30d4dd4a9d1689a706f0",
                "sha256:2076fad65c6736184e77d7d4729b63a6d1ae0b70da4868adeec40989858eb3fb",
                "sha256:2a88e6010048489cda82b1326889ec075a8c856c2e6a256072b28eaee3ccf487",
                "sha256:3ebf019be5c09d400cf7b024aa52b1f3aeebeff51550d007e92c3c1c4afc2a40",
                "sha256:418abb18146475c310d7a6dc71143d6f7adec5b004ac9ce08dc7a34e2babdc5c",
                "sha256:43aa59eadec7890d9958748db829df269f0368521ba6dc68cc172d5d03ed8060",
                "sha256:44a2754372e32ab315734c6c73b24351d06e77ffff6ae27d2ecf14cf3d229202",
                "sha256:490b0ee15c1a55be9c1bd8609b8cecd60e325f0575fc98f50058eae366e01f41",
                "sha256:49aac49dc4782cb04f58986e81ea0b4768e4ff197b57324dcbd7699c5dfb40b9",
                "sha256:5eb404d89131ec9b4f748fa5cfb5346802e5ee8836f57d516576e61f304f3b7b",
                "sha256:5f15814a33e42b04e3de432e573aa557f9f0f56458745c2074952f564c50e664",
                "sha256:5f370f952971e7d17c7d1ead40e49f32345a7f7a5373571ef44d800d06b1899d",
                "sha256:66027d667efe95cc4fa945af59f92c5a02c6f5bb6012bff9e60542c74c75c362",
                "sha256:66dfbaa7cfa3eb707bbfcd46dab2bc6207b005cbc9caa2199bcbc81d95071a00",
                "sha256:685f568fa5e627e93f3b52fda002c7ed2fa1800b50ce51f6ed1d572d8ab3e7fc",
                "sha256:6906c4100a8fcbf2fa735f6059214bb13b97f75b1a61777fcf6432121ef12ef1",
                "sha256:6a42cd0cfa8ffc1915aef79cb4284f6383d8a3e9dcca70c445dcfdd639d51267",
                "sha256:6dcfcffe73710be01d90cae08c3e548d90932d37b39ef83969ae135d36ef3956",
                "sha256:6f6eac2360f2d543cc875a0e5efd413b6cbd483cb3ad7ebf888884a6e0d2e966",
                "sha256:72554a23c78a8e7aa02abbd699d129eead8b147a23c56e08d08dfc29cfdddca1",
                "sha256:73870c364c11f03ed072dda68ff7aea6d2a3a5c3fe250d917a429c7432e15228",
                "sha256:73aa7d98215d39b8455f103de64391cb79dfcad601701a3aa0dddacf74911d72",
                "sha256:75ea7d0ee2a15733684badb16de6794894ed9c55aa5e9903260922f0482e687d",
                "sha256:7bd2d7ff69a2cac767fbf7a2b206add2e9a210e57947dd7ce03e25d03d2de292",
                "sha256:807cc8543a477ab7422f1120a217054f958a66ef7314f76dd9e77d3f02cdccd0",
                "sha256:8e9723528b9f787dc59168369e42ae1c3b0d3fadb2f1a71de14531d321ee05b0",
                "sha256:9090c9e676d5236a6948330e83cb89969f433b1943a558968f659ead07cb3b36",
                "sha256:9153ed35fc5e4fa3b2fe97bddaa7cbec0ed22412b85bcdaf54aeba92ea37428c",
                "sha256:9159485323798c8dc530a224bd3ffcf76659319ccc7bbd52e01e73bd0241a0c5",
                "sha256:941988b89b4fd6b41c3f0bfb20e92bd23746579736b7343283297c4c8cbae68f",
                "sha256:94265b00870aa407bd0cbcfd536f17ecde43b94fb8d228560a1e9d3041462d73",
                "sha256:98b5e1f498a8ca1858a1cdbffb023bfd954da4e3fa2c0cb5853d40014557248b",
                "sha256:9b201ae332c3637a42f02d1045e1d0cccfdc41f1f2f801dafbaa7e9b4797bfc2",
                "sha256:a0ea261ce52b5952bf669684a251a66df239ec6d441ccb59ec7afa882265d593",
                "sha256:a33a747400b94b6d6b8a165e4480264a64a78c8a4c734b62136062e9a248dd39",
                "sha256:a452f9ca3e3267cd4d0fcf2edd0d035b1934ac2bd7e0e57ac91ad6b95c0c6389",
                "sha256:a86373cf37cd7764f2201b76496aba58a52e76dedfaa698ef9e9688bfd9e41cf",
                "sha256:ac83a914ebaf589b69f7d0a1277602ff494e21f4c2f743313414378f8f50a4cf",
                "sha256:aefbc4cb0a54f91af643660a0a150ce2c090d3652cf4052a5397fb2de549cd89",
                "sha256:b3646eefa23daeba62643a58aac816945cadc0afaf21800a1421eeba5f6cfb9c",
                "sha256:b47cfad9e9bbbed2339081f4e346c93ecd7ab504299403320bf85f7f85c7d46c",
                "sha256:b935ae30c6e7400022b50f8d359c03ed233d45b725cfdd299462f41ee5ffba6f",
                "sha256:bb2dee3874a500de01c93d5c71415fcaef1d858370d405824783e7a8ef5db440",
                "sha256:bc57efac2da352a51cc4658878a68d2b1b67dbe9d33c36cb826ca449d80a8465",
                "sha256:bf5703fdeb350e36885f2875d853ce13172ae281c56e509f4e6eca049bdfb136",
                "sha256:c31f72b1b6624c9d863fc095da460802f43a7c6868c5dda140f51da24fd47d7b",
                "sha256:c5cd603b575ebceca7da5a3a251e69561bec509e0b46e4993e1cac402b7247b8",
                "sha256:d2efee35b4b0a347e0d99d28e884dfd82797852d62fcd7ebdeee26f3ceb72cf3",
                "sha256:d462f28826f4657968ae51d2181a074dfe03c200d6131690b7d65d55b0f360f8",
                "sha256:d5e49454f19ef621089e204f862388d29e6e8d8b162efce05208913dde5b9ad6",
                "sha256:da4813f751142436b075ed7aa012a8778aa43a99f7b36afe9b742d3ed8bdc95e",
                "sha256:db2e408d983b0e61e238cf579c09ef7020560441906ca990fe8412153e3b291f",
                "sha256:db98ad84a55eb09b3c32a96c576476777e87c520a34e2519d3e59c44710c002c",
                "sha256:dbed418ba5c3dce92619656802cc5355cb679e58d0d89b50f116e4a9d5a9603e",
                "sha256:dcdba5c86e368442528f7060039eda390cc4091bfd1dca41e8046af7c910dda8",
                "sha256:decbfa2f618fa8ed81c95ee18a387ff973143c656ef800c9f24fb7e9c16054e2",
                "sha256:e4fdb9275308292e880dcbeb12546df7f3e0f96c6b41197e0cf37d2826359020",
                "sha256:eb1b046be06b0fce7249f1d025cd359b4b80fc1c3e24ad9eca33e0dcdb2e4a35",
                "sha256:eb6e651000a19c96f452c85132811d25e9264d836951022d6e81df2fff38337d",
                "sha256:ed867c42c268f876097248e05b6117a65bcd1e63b779e916fe2e33cd6fd0d3c3",
                "sha256:edfad1d29c73f9b863ebe7082ae9321374ccb10879eeabc84ba3b69f2579d537",
                "sha256:f2058f813d4f2b5e3a9eb2eb3faf8f1d99b81c3e51aeda4b168406443e8ba809",
                "sha256:f6b2d0c6703c988d334f297aa5df18c45e97b0af3679bb75059e0e0bd8b1069d",
                "sha256:f8212564d49c50eb4565e502814f694e240c55551a5f1bc841d4fcaabb0a9b8a",
                "sha256:ffa565331890b90056c01db69c0fe634a776f8019c143a5ae265f9c6bc4bd6d4"
            ],
            "markers": "python_version >= '3.6'",
            "version": "==1.16.0"
        }
    },
    "develop": {}
}
